
Microsoft Visual Studio Solution File, Format Version 12.00
# Visual Studio Version 16
VisualStudioVersion = 16.0.30907.101
MinimumVisualStudioVersion = 10.0.40219.1
Project("{FAE04EC0-301F-11D3-BF4B-00C04F79EFBC}") = "MyDictionary", "MyDictionary\MyDictionary.csproj", "{F65B5579-5688-437F-A199-9E11D0F115C7}"
EndProject
Global
	GlobalSection(SolutionConfigurationPlatforms) = preSolution
		Debug|Any CPU = Debug|Any CPU
		Release|Any CPU = Release|Any CPU
	EndGlobalSection
	GlobalSection(ProjectConfigurationPlatforms) = postSolution
		{F65B5579-5688-437F-A199-9E11D0F115C7}.Debug|Any CPU.ActiveCfg = Debug|Any CPU
		{F65B5579-5688-437F-A199-9E11D0F115C7}.Debug|Any CPU.Build.0 = Debug|Any CPU
		{F65B5579-5688-437F-A199-9E11D0F115C7}.Release|Any CPU.ActiveCfg = Release|Any CPU
		{F65B5579-5688-437F-A199-9E11D0F115C7}.Release|Any CPU.Build.0 = Release|Any CPU
	EndGlobalSection
	GlobalSection(SolutionProperties) = preSolution
		HideSolutionNode = FALSE
	EndGlobalSection
	GlobalSection(ExtensibilityGlobals) = postSolution
		SolutionGuid = {63A29B53-5A05-4108-B8C3-E80792423F61}
	EndGlobalSection
EndGlobal
